// !$*UTF8*$!
{
	archiveVersion = 1;
	classes = {
	};
	objectVersion = 48;
	objects = {

/* Begin PBXBuildFile section */
		3A062F86201729BD00224CD8 /* AppDelegate.swift in Sources */ = {isa = PBXBuildFile; fileRef = 3A062F85201729BD00224CD8 /* AppDelegate.swift */; };
		3A062F88201729BD00224CD8 /* ViewController.swift in Sources */ = {isa = PBXBuildFile; fileRef = 3A062F87201729BD00224CD8 /* ViewController.swift */; };
		3A062F8B201729BD00224CD8 /* Main.storyboard in Resources */ = {isa = PBXBuildFile; fileRef = 3A062F89201729BD00224CD8 /* Main.storyboard */; };
		3A062F8D201729BD00224CD8 /* Assets.xcassets in Resources */ = {isa = PBXBuildFile; fileRef = 3A062F8C201729BD00224CD8 /* Assets.xcassets */; };
		3A062F90201729BD00224CD8 /* LaunchScreen.storyboard in Resources */ = {isa = PBXBuildFile; fileRef = 3A062F8E201729BD00224CD8 /* LaunchScreen.storyboard */; };
		3A062F9820172A4F00224CD8 /* VirtualPlane.swift in Sources */ = {isa = PBXBuildFile; fileRef = 3A062F9720172A4F00224CD8 /* VirtualPlane.swift */; };
/* End PBXBuildFile section */

/* Begin PBXFileReference section */
		3A062F82201729BD00224CD8 /* ARPlaneDetection.app */ = {isa = PBXFileReference; explicitFileType = wrapper.application; includeInIndex = 0; path = ARPlaneDetection.app; sourceTree = BUILT_PRODUCTS_DIR; };
		3A062F85201729BD00224CD8 /* AppDelegate.swift */ = {isa = PBXFileReference; lastKnownFileType = sourcecode.swift; path = AppDelegate.swift; sourceTree = "<group>"; };
		3A062F87201729BD00224CD8 /* ViewController.swift */ = {isa = PBXFileReference; lastKnownFileType = sourcecode.swift; path = ViewController.swift; sourceTree = "<group>"; };
		3A062F8A201729BD00224CD8 /* Base */ = {isa = PBXFileReference; lastKnownFileType = file.storyboard; name = Base; path = Base.lproj/Main.storyboard; sourceTree = "<group>"; };
		3A062F8C201729BD00224CD8 /* Assets.xcassets */ = {isa = PBXFileReference; lastKnownFileType = folder.assetcatalog; path = Assets.xcassets; sourceTree = "<group>"; };
		3A062F8F201729BD00224CD8 /* Base */ = {isa = PBXFileReference; lastKnownFileType = file.storyboard; name = Base; path = Base.lproj/LaunchScreen.storyboard; sourceTree = "<group>"; };
		3A062F91201729BD00224CD8 /* Info.plist */ = {isa = PBXFileReference; lastKnownFileType = text.plist.xml; path = Info.plist; sourceTree = "<group>"; };
		3A062F9720172A4F00224CD8 /* VirtualPlane.swift */ = {isa = PBXFileReference; lastKnownFileType = sourcecode.swift; path = VirtualPlane.swift; sourceTree = "<group>"; };
/* End PBXFileReference section */

/* Begin PBXFrameworksBuildPhase section */
		3A062F7F201729BD00224CD8 /* Frameworks */ = {
			isa = PBXFrameworksBuildPhase;
			buildActionMask = 2147483647;
			files = (
			);
			runOnlyForDeploymentPostprocessing = 0;
		};
/* End PBXFrameworksBuildPhase section */

/* Begin PBXGroup section */
		3A062F79201729BD00224CD8 = {
			isa = PBXGroup;
			children = (
				3A062F84201729BD00224CD8 /* ARPlaneDetection */,
				3A062F83201729BD00224CD8 /* Products */,
			);
			sourceTree = "<group>";
		};
		3A062F83201729BD00224CD8 /* Products */ = {
			isa = PBXGroup;
			children = (
				3A062F82201729BD00224CD8 /* ARPlaneDetection.app */,
			);
			name = Products;
			sourceTree = "<group>";
		};
		3A062F84201729BD00224CD8 /* ARPlaneDetection */ = {
			isa = PBXGroup;
			children = (
				3A062F85201729BD00224CD8 /* AppDelegate.swift */,
				3A062F87201729BD00224CD8 /* ViewController.swift */,
				3A062F9720172A4F00224CD8 /* VirtualPlane.swift */,
				3A062F89201729BD00224CD8 /* Main.storyboard */,
				3A062F8C201729BD00224CD8 /* Assets.xcassets */,
				3A062F8E201729BD00224CD8 /* LaunchScreen.storyboard */,
				3A062F91201729BD00224CD8 /* Info.plist */,
			);
			path = ARPlaneDetection;
			sourceTree = "<group>";
		};
/* End PBXGroup section */

/* Begin PBXNativeTarget section */
		3A062F81201729BD00224CD8 /* ARPlaneDetection */ = {
			isa = PBXNativeTarget;
			buildConfigurationList = 3A062F94201729BD00224CD8 /* Build configuration list for PBXNativeTarget "ARPlaneDetection" */;
			buildPhases = (
				3A062F7E201729BD00224CD8 /* Sources */,
				3A062F7F201729BD00224CD8 /* Frameworks */,
				3A062F80201729BD00224CD8 /* Resources */,
			);
			buildRules = (
			);
			dependencies = (
			);
			name = ARPlaneDetection;
			productName = ARPlaneDetection;
			productReference = 3A062F82201729BD00224CD8 /* ARPlaneDetection.app */;
			productType = "com.apple.product-type.application";
		};
/* End PBXNativeTarget section */

/* Begin PBXProject section */
		3A062F7A201729BD00224CD8 /* Project object */ = {
			isa = PBXProject;
			attributes = {
				LastSwiftUpdateCheck = 0920;
				LastUpgradeCheck = 0920;
				ORGANIZATIONNAME = "Mohammed Rokon Uddin";
				TargetAttributes = {
					3A062F81201729BD00224CD8 = {
						CreatedOnToolsVersion = 9.2;
						ProvisioningStyle = Automatic;
					};
				};
			};
			buildConfigurationList = 3A062F7D201729BD00224CD8 /* Build configuration list for PBXProject "ARPlaneDetection" */;
			compatibilityVersion = "Xcode 8.0";
			developmentRegion = en;
			hasScannedForEncodings = 0;
			knownRegions = (
				en,
				Base,
			);
			mainGroup = 3A062F79201729BD00224CD8;
			productRefGroup = 3A062F83201729BD00224CD8 /* Products */;
			projectDirPath = "";
			projectRoot = "";
			targets = (
				3A062F81201729BD00224CD8 /* ARPlaneDetection */,
			);
		};
/* End PBXProject section */

/* Begin PBXResourcesBuildPhase section */
		3A062F80201729BD00224CD8 /* Resources */ = {
			isa = PBXResourcesBuildPhase;
			buildActionMask = 2147483647;
			files = (
				3A062F90201729BD00224CD8 /* LaunchScreen.storyboard in Resources */,
				3A062F8D201729BD00224CD8 /* Assets.xcassets in Resources */,
				3A062F8B201729BD00224CD8 /* Main.storyboard in Resources */,
			);
			runOnlyForDeploymentPostprocessing = 0;
		};
/* End PBXResourcesBuildPhase section */

/* Begin PBXSourcesBuildPhase section */
		3A062F7E201729BD00224CD8 /* Sources */ = {
			isa = PBXSourcesBuildPhase;
			buildActionMask = 2147483647;
			files = (
				3A062F88201729BD00224CD8 /* ViewController.swift in Sources */,
				3A062F86201729BD00224CD8 /* AppDelegate.swift in Sources */,
				3A062F9820172A4F00224CD8 /* VirtualPlane.swift in Sources */,
			);
			runOnlyForDeploymentPostprocessing = 0;
		};
/* End PBXSourcesBuildPhase section */

/* Begin PBXVariantGroup section */
		3A062F89201729BD00224CD8 /* Main.storyboard */ = {
			isa = PBXVariantGroup;
			children = (
				3A062F8A201729BD00224CD8 /* Base */,
			);
			name = Main.storyboard;
			sourceTree = "<group>";
		};
		3A062F8E201729BD00224CD8 /* LaunchScreen.storyboard */ = {
			isa = PBXVariantGroup;
			children = (
				3A062F8F201729BD00224CD8 /* Base */,
			);
			name = LaunchScreen.storyboard;
			sourceTree = "<group>";
		};
/* End PBXVariantGroup section */

/* Begin XCBuildConfiguration section */
		3A062F92201729BD00224CD8 /* Debug */ = {
			isa = XCBuildConfiguration;
			buildSettings = {
				ALWAYS_SEARCH_USER_PATHS = NO;
				CLANG_ANALYZER_NONNULL = YES;
				CLANG_ANALYZER_NUMBER_OBJECT_CONVERSION = YES_AGGRESSIVE;
				CLANG_CXX_LANGUAGE_STANDARD = "gnu++14";
				CLANG_CXX_LIBRARY = "libc++";
				CLANG_ENABLE_MODULES = YES;
				CLANG_ENABLE_OBJC_ARC = YES;
				CLANG_WARN_BLOCK_CAPTURE_AUTORELEASING = YES;
				CLANG_WARN_BOOL_CONVERSION = YES;
				CLANG_WARN_COMMA = YES;
				CLANG_WARN_CONSTANT_CONVERSION = YES;
				CLANG_WARN_DIRECT_OBJC_ISA_USAGE = YES_ERROR;
				CLANG_WARN_DOCUMENTATION_COMMENTS = YES;
				CLANG_WARN_EMPTY_BODY = YES;
				CLANG_WARN_ENUM_CONVERSION = YES;
				CLANG_WARN_INFINITE_RECURSION = YES;
				CLANG_WARN_INT_CONVERSION = YES;
				CLANG_WARN_NON_LITERAL_NULL_CONVERSION = YES;
				CLANG_WARN_OBJC_LITERAL_CONVERSION = YES;
				CLANG_WARN_OBJC_ROOT_CLASS = YES_ERROR;
				CLANG_WARN_RANGE_LOOP_ANALYSIS = YES;
				CLANG_WARN_STRICT_PROTOTYPES = YES;
				CLANG_WARN_SUSPICIOUS_MOVE = YES;
				CLANG_WARN_UNGUARDED_AVAILABILITY = YES_AGGRESSIVE;
				CLANG_WARN_UNREACHABLE_CODE = YES;
				CLANG_WARN__DUPLICATE_METHOD_MATCH = YES;
				CODE_SIGN_IDENTITY = "iPhone Developer";
				COPY_PHASE_STRIP = NO;
				DEBUG_INFORMATION_FORMAT = dwarf;
				ENABLE_STRICT_OBJC_MSGSEND = YES;
				ENABLE_TESTABILITY = YES;
				GCC_C_LANGUAGE_STANDARD = gnu11;
				GCC_DYNAMIC_NO_PIC = NO;
				GCC_NO_COMMON_BLOCKS = YES;
				GCC_OPTIMIZATION_LEVEL = 0;
				GCC_PREPROCESSOR_DEFINITIONS = (
					"DEBUG=1",
					"$(inherited)",
				);
				GCC_WARN_64_TO_32_BIT_CONVERSION = YES;
				GCC_WARN_ABOUT_RETURN_TYPE = YES_ERROR;
				GCC_WARN_UNDECLARED_SELECTOR = YES;
				GCC_WARN_UNINITIALIZED_AUTOS = YES_AGGRESSIVE;
				GCC_WARN_UNUSED_FUNCTION = YES;
				GCC_WARN_UNUSED_VARIABLE = YES;
				IPHONEOS_DEPLOYMENT_TARGET = 11.2;
				MTL_ENABLE_DEBUG_INFO = YES;
				ONLY_ACTIVE_ARCH = YES;
				SDKROOT = iphoneos;
				SWIFT_ACTIVE_COMPILATION_CONDITIONS = DEBUG;
				SWIFT_OPTIMIZATION_LEVEL = "-Onone";
			};
			name = Debug;
		};
		3A062F93201729BD00224CD8 /* Release */ = {
			isa = XCBuildConfiguration;
			buildSettings = {
				ALWAYS_SEARCH_USER_PATHS = NO;
				CLANG_ANALYZER_NONNULL = YES;
				CLANG_ANALYZER_NUMBER_OBJECT_CONVERSION = YES_AGGRESSIVE;
				CLANG_CXX_LANGUAGE_STANDARD = "gnu++14";
				CLANG_CXX_LIBRARY = "libc++";
				CLANG_ENABLE_MODULES = YES;
				CLANG_ENABLE_OBJC_ARC = YES;
				CLANG_WARN_BLOCK_CAPTURE_AUTORELEASING = YES;
				CLANG_WARN_BOOL_CONVERSION = YES;
				CLANG_WARN_COMMA = YES;
				CLANG_WARN_CONSTANT_CONVERSION = YES;
				CLANG_WARN_DIRECT_OBJC_ISA_USAGE = YES_ERROR;
				CLANG_WARN_DOCUMENTATION_COMMENTS = YES;
				CLANG_WARN_EMPTY_BODY = YES;
				CLANG_WARN_ENUM_CONVERSION = YES;
				CLANG_WARN_INFINITE_RECURSION = YES;
				CLANG_WARN_INT_CONVERSION = YES;
				CLANG_WARN_NON_LITERAL_NULL_CONVERSION = YES;
				CLANG_WARN_OBJC_LITERAL_CONVERSION = YES;
				CLANG_WARN_OBJC_ROOT_CLASS = YES_ERROR;
				CLANG_WARN_RANGE_LOOP_ANALYSIS = YES;
				CLANG_WARN_STRICT_PROTOTYPES = YES;
				CLANG_WARN_SUSPICIOUS_MOVE = YES;
				CLANG_WARN_UNGUARDED_AVAILABILITY = YES_AGGRESSIVE;
				CLANG_WARN_UNREACHABLE_CODE = YES;
				CLANG_WARN__DUPLICATE_METHOD_MATCH = YES;
				CODE_SIGN_IDENTITY = "iPhone Developer";
				COPY_PHASE_STRIP = NO;
				DEBUG_INFORMATION_FORMAT = "dwarf-with-dsym";
				ENABLE_NS_ASSERTIONS = NO;
				ENABLE_STRICT_OBJC_MSGSEND = YES;
				GCC_C_LANGUAGE_STANDARD = gnu11;
				GCC_NO_COMMON_BLOCKS = YES;
				GCC_WARN_64_TO_32_BIT_CONVERSION = YES;
				GCC_WARN_ABOUT_RETURN_TYPE = YES_ERROR;
				GCC_WARN_UNDECLARED_SELECTOR = YES;
				GCC_WARN_UNINITIALIZED_AUTOS = YES_AGGRESSIVE;
				GCC_WARN_UNUSED_FUNCTION = YES;
				GCC_WARN_UNUSED_VARIABLE = YES;
				IPHONEOS_DEPLOYMENT_TARGET = 11.2;
				MTL_ENABLE_DEBUG_INFO = NO;
				SDKROOT = iphoneos;
				SWIFT_OPTIMIZATION_LEVEL = "-Owholemodule";
				VALIDATE_PRODUCT = YES;
			};
			name = Release;
		};
		3A062F95201729BD00224CD8 /* Debug */ = {
			isa = XCBuildConfiguration;
			buildSettings = {
				ASSETCATALOG_COMPILER_APPICON_NAME = AppIcon;
				CODE_SIGN_STYLE = Automatic;
				DEVELOPMENT_TEAM = XYSCZDXKR7;
				INFOPLIST_FILE = ARPlaneDetection/Info.plist;
				LD_RUNPATH_SEARCH_PATHS = "$(inherited) @executable_path/Frameworks";
				PRODUCT_BUNDLE_IDENTIFIER = "bd.com.monstar-lab.ARPlaneDetection";
				PRODUCT_NAME = "$(TARGET_NAME)";
				SWIFT_VERSION = 4.0;
				TARGETED_DEVICE_FAMILY = "1,2";
			};
			name = Debug;
		};
		3A062F96201729BD00224CD8 /* Release */ = {
			isa = XCBuildConfiguration;
			buildSettings = {
				ASSETCATALOG_COMPILER_APPICON_NAME = AppIcon;
				CODE_SIGN_STYLE = Automatic;
				DEVELOPMENT_TEAM = XYSCZDXKR7;
				INFOPLIST_FILE = ARPlaneDetection/Info.plist;
				LD_RUNPATH_SEARCH_PATHS = "$(inherited) @executable_path/Frameworks";
				PRODUCT_BUNDLE_IDENTIFIER = "bd.com.monstar-lab.ARPlaneDetection";
				PRODUCT_NAME = "$(TARGET_NAME)";
				SWIFT_VERSION = 4.0;
				TARGETED_DEVICE_FAMILY = "1,2";
			};
			name = Release;
		};
/* End XCBuildConfiguration section */

/* Begin XCConfigurationList section */
		3A062F7D201729BD00224CD8 /* Build configuration list for PBXProject "ARPlaneDetection" */ = {
			isa = XCConfigurationList;
			buildConfigurations = (
				3A062F92201729BD00224CD8 /* Debug */,
				3A062F93201729BD00224CD8 /* Release */,
			);
			defaultConfigurationIsVisible = 0;
			defaultConfigurationName = Release;
		};
		3A062F94201729BD00224CD8 /* Build configuration list for PBXNativeTarget "ARPlaneDetection" */ = {
			isa = XCConfigurationList;
			buildConfigurations = (
				3A062F95201729BD00224CD8 /* Debug */,
				3A062F96201729BD00224CD8 /* Release */,
			);
			defaultConfigurationIsVisible = 0;
			defaultConfigurationName = Release;
		};
/* End XCConfigurationList section */
	};
	rootObject = 3A062F7A201729BD00224CD8 /* Project object */;
}
